
Microsoft Visual Studio Solution File, Format Version 12.00
# Visual Studio Version 17
VisualStudioVersion = 17.8.34408.163
MinimumVisualStudioVersion = 10.0.40219.1
Project("{FAE04EC0-301F-11D3-BF4B-00C04F79EFBC}") = "Hola_Mundo", "Hola_Mundo.csproj", "{0F0ECA32-818A-4F8C-AF4B-30956B06A8BC}"
EndProject
Global
	GlobalSection(SolutionConfigurationPlatforms) = preSolution
		Debug|Any CPU = Debug|Any CPU
		Release|Any CPU = Release|Any CPU
	EndGlobalSection
	GlobalSection(ProjectConfigurationPlatforms) = postSolution
		{0F0ECA32-818A-4F8C-AF4B-30956B06A8BC}.Debug|Any CPU.ActiveCfg = Debug|Any CPU
		{0F0ECA32-818A-4F8C-AF4B-30956B06A8BC}.Debug|Any CPU.Build.0 = Debug|Any CPU
		{0F0ECA32-818A-4F8C-AF4B-30956B06A8BC}.Release|Any CPU.ActiveCfg = Release|Any CPU
		{0F0ECA32-818A-4F8C-AF4B-30956B06A8BC}.Release|Any CPU.Build.0 = Release|Any CPU
	EndGlobalSection
	GlobalSection(SolutionProperties) = preSolution
		HideSolutionNode = FALSE
	EndGlobalSection
	GlobalSection(ExtensibilityGlobals) = postSolution
		SolutionGuid = {CBE5FC70-BE47-4C20-B116-E5EDBEF9F611}
	EndGlobalSection
EndGlobal
